
Microsoft Visual Studio Solution File, Format Version 12.00
# Visual Studio Version 17
VisualStudioVersion = 17.3.32929.385
MinimumVisualStudioVersion = 10.0.40219.1
Project("{FAE04EC0-301F-11D3-BF4B-00C04F79EFBC}") = "BASIC CSHARP  PROGRAMS1", "BASIC CSHARP  PROGRAMS1\BASIC CSHARP  PROGRAMS1.csproj", "{39BD9DC2-7578-405B-94E0-9B9133B20F6D}"
EndProject
Project("{2150E333-8FDC-42A3-9474-1A3956D46DE8}") = "Solution Items", "Solution Items", "{FA9F9FE2-E3EB-40AF-A242-777059C93B57}"
	ProjectSection(SolutionItems) = preProject
		assign1 calculater.cs = assign1 calculater.cs
		assign2.cs = assign2.cs
		assign3.cs = assign3.cs
		assign4.cs = assign4.cs
		assign5.cs = assign5.cs
		assign6.cs = assign6.cs
	EndProjectSection
EndProject
Global
	GlobalSection(SolutionConfigurationPlatforms) = preSolution
		Debug|Any CPU = Debug|Any CPU
		Release|Any CPU = Release|Any CPU
	EndGlobalSection
	GlobalSection(ProjectConfigurationPlatforms) = postSolution
		{39BD9DC2-7578-405B-94E0-9B9133B20F6D}.Debug|Any CPU.ActiveCfg = Debug|Any CPU
		{39BD9DC2-7578-405B-94E0-9B9133B20F6D}.Debug|Any CPU.Build.0 = Debug|Any CPU
		{39BD9DC2-7578-405B-94E0-9B9133B20F6D}.Release|Any CPU.ActiveCfg = Release|Any CPU
		{39BD9DC2-7578-405B-94E0-9B9133B20F6D}.Release|Any CPU.Build.0 = Release|Any CPU
	EndGlobalSection
	GlobalSection(SolutionProperties) = preSolution
		HideSolutionNode = FALSE
	EndGlobalSection
	GlobalSection(ExtensibilityGlobals) = postSolution
		SolutionGuid = {8AE95D24-4DBD-47CE-A4E7-3DF5A8774922}
	EndGlobalSection
EndGlobal
